{"version":4,"terraform_version":"1.8.1","serial":1,"lineage":"e7dddf91-25cf-ba12-f51f-0cba9247126a","outputs":{},"resources":[{"mode":"managed","type":"github_branch","name":"default","provider":"provider[\"registry.opentofu.org/hashicorp/github\"]","instances":[{"schema_version":0,"attributes":{"branch":"main","etag":"W/\"d4f9d9b5667d18bd46bfc803a57ee83ec2433ff2abd18f1fa1e236970bf7fe6a\"","id":"config0-private-test:main","ref":"refs/heads/main","repository":"config0-private-test","sha":"c14171b449ab94e8753cedf3ac38a2d61e00f4e0","source_branch":"main","source_sha":"c14171b449ab94e8753cedf3ac38a2d61e00f4e0"},"sensitive_attributes":[],"private":"bnVsbA==","dependencies":["github_repository.default"]}]},{"mode":"managed","type":"github_branch_default","name":"default","provider":"provider[\"registry.opentofu.org/hashicorp/github\"]","instances":[{"schema_version":0,"attributes":{"branch":"main","etag":"W/\"995c01ff378f7af60509611a065a078b3493c049e465200b56fb4e602e290f56\"","id":"config0-private-test","rename":false,"repository":"config0-private-test"},"sensitive_attributes":[],"private":"bnVsbA==","dependencies":["github_branch.default","github_repository.default"]}]},{"mode":"managed","type":"github_repository","name":"default","provider":"provider[\"registry.opentofu.org/hashicorp/github\"]","instances":[{"schema_version":1,"attributes":{"allow_auto_merge":false,"allow_merge_commit":true,"allow_rebase_merge":true,"allow_squash_merge":true,"allow_update_branch":false,"archive_on_destroy":null,"archived":false,"auto_init":true,"default_branch":"main","delete_branch_on_merge":true,"description":"This is a repo {var.repository} created using Terraform","etag":"W/\"995c01ff378f7af60509611a065a078b3493c049e465200b56fb4e602e290f56\"","full_name":"williaumwu/config0-private-test","git_clone_url":"git://github.com/williaumwu/config0-private-test.git","gitignore_template":null,"has_discussions":false,"has_downloads":false,"has_issues":true,"has_projects":false,"has_wiki":false,"homepage_url":"","html_url":"https://github.com/williaumwu/config0-private-test","http_clone_url":"https://github.com/williaumwu/config0-private-test.git","id":"config0-private-test","ignore_vulnerability_alerts_during_read":null,"is_template":false,"license_template":null,"merge_commit_message":"PR_TITLE","merge_commit_title":"MERGE_MESSAGE","name":"config0-private-test","node_id":"R_kgDOMpOsIQ","pages":[],"primary_language":"","private":true,"repo_id":848538657,"security_and_analysis":[],"squash_merge_commit_message":"COMMIT_MESSAGES","squash_merge_commit_title":"COMMIT_OR_PR_TITLE","ssh_clone_url":"git@github.com:williaumwu/config0-private-test.git","svn_url":"https://github.com/williaumwu/config0-private-test","template":[],"topics":[],"visibility":"private","vulnerability_alerts":false,"web_commit_signoff_required":false},"sensitive_attributes":[],"private":"eyJzY2hlbWFfdmVyc2lvbiI6IjEifQ=="}]}],"check_results":null}
